
Microsoft Visual Studio Solution File, Format Version 12.00
# Visual Studio Version 17
VisualStudioVersion = 17.11.35327.3
MinimumVisualStudioVersion = 10.0.40219.1
Project("{FAE04EC0-301F-11D3-BF4B-00C04F79EFBC}") = "PruebaTecnica", "PruebaTecnica\PruebaTecnica.csproj", "{8326C4EE-2020-495E-907D-D12ADC968D44}"
EndProject
Project("{FAE04EC0-301F-11D3-BF4B-00C04F79EFBC}") = "DataAccess", "DataAccess\DataAccess.csproj", "{072BCBE2-D428-4D21-B211-BD6F6D603573}"
EndProject
Global
	GlobalSection(SolutionConfigurationPlatforms) = preSolution
		Debug|Any CPU = Debug|Any CPU
		Release|Any CPU = Release|Any CPU
	EndGlobalSection
	GlobalSection(ProjectConfigurationPlatforms) = postSolution
		{8326C4EE-2020-495E-907D-D12ADC968D44}.Debug|Any CPU.ActiveCfg = Debug|Any CPU
		{8326C4EE-2020-495E-907D-D12ADC968D44}.Debug|Any CPU.Build.0 = Debug|Any CPU
		{8326C4EE-2020-495E-907D-D12ADC968D44}.Release|Any CPU.ActiveCfg = Release|Any CPU
		{8326C4EE-2020-495E-907D-D12ADC968D44}.Release|Any CPU.Build.0 = Release|Any CPU
		{072BCBE2-D428-4D21-B211-BD6F6D603573}.Debug|Any CPU.ActiveCfg = Debug|Any CPU
		{072BCBE2-D428-4D21-B211-BD6F6D603573}.Debug|Any CPU.Build.0 = Debug|Any CPU
		{072BCBE2-D428-4D21-B211-BD6F6D603573}.Release|Any CPU.ActiveCfg = Release|Any CPU
		{072BCBE2-D428-4D21-B211-BD6F6D603573}.Release|Any CPU.Build.0 = Release|Any CPU
	EndGlobalSection
	GlobalSection(SolutionProperties) = preSolution
		HideSolutionNode = FALSE
	EndGlobalSection
	GlobalSection(ExtensibilityGlobals) = postSolution
		SolutionGuid = {3B8032BA-DFB2-4FBA-B5F3-7D30D4BD0349}
	EndGlobalSection
EndGlobal
